schema: '2.0'
stages:
  prepare:
    cmd: python source/prepare.py
    deps:
    - path: data/train.parquet
      hash: md5
      md5: 2c48e5fc993746c51123069b38f97a01
      size: 8792378921
    - path: source/prepare.py
      hash: md5
      md5: 4dca4c4f2433aa8ce79425191c99440c
      size: 563
    outs:
    - path: data/prepared/train.parquet
      hash: md5
      md5: d41d8cd98f00b204e9800998ecf8427e
      size: 0
  train:
    cmd: python source/train.py
    deps:
    - path: data/prepared/train.parquet
      hash: md5
      md5: 8e5cc7bee8cf32d50d78776b06de293c
      size: 1864655013
    - path: source/train.py
      hash: md5
      md5: 69ab943c356d4f9fb5bc61997e3e6f38
      size: 2176
    params:
      params.yaml:
        experiment:
          name: 2025-next-ml-challenge
        model:
          name: baseline-catboost
          iterations: 2000
          learning_rate: 0.02
          loss_function: Logloss
          verbose: false
    outs:
    - path: data/models/models.json
      hash: md5
      md5: 38a7dc86856a029ddcc1dd7e0f08f978
      size: 296692
